
Microsoft Visual Studio Solution File, Format Version 12.00
# Visual Studio Version 17
VisualStudioVersion = 17.8.34330.188
MinimumVisualStudioVersion = 10.0.40219.1
Project("{9A19103F-16F7-4668-BE54-9A1E7A4F7556}") = "DatabaseApp", "DatabaseApp.csproj", "{520CAF8E-73FB-4404-A999-99AF7ABDFD72}"
EndProject
Project("{2150E333-8FDC-42A3-9474-1A3956D46DE8}") = "Solution Items", "Solution Items", "{5C5E93F8-A392-4EBE-9C0D-6B50B1949150}"
	ProjectSection(SolutionItems) = preProject
		.editorconfig = .editorconfig
	EndProjectSection
EndProject
Global
	GlobalSection(SolutionConfigurationPlatforms) = preSolution
		Debug|Any CPU = Debug|Any CPU
		Release|Any CPU = Release|Any CPU
	EndGlobalSection
	GlobalSection(ProjectConfigurationPlatforms) = postSolution
		{520CAF8E-73FB-4404-A999-99AF7ABDFD72}.Debug|Any CPU.ActiveCfg = Debug|Any CPU
		{520CAF8E-73FB-4404-A999-99AF7ABDFD72}.Debug|Any CPU.Build.0 = Debug|Any CPU
		{520CAF8E-73FB-4404-A999-99AF7ABDFD72}.Release|Any CPU.ActiveCfg = Release|Any CPU
		{520CAF8E-73FB-4404-A999-99AF7ABDFD72}.Release|Any CPU.Build.0 = Release|Any CPU
	EndGlobalSection
	GlobalSection(SolutionProperties) = preSolution
		HideSolutionNode = FALSE
	EndGlobalSection
	GlobalSection(ExtensibilityGlobals) = postSolution
		SolutionGuid = {86B75C1E-D758-4C54-8A43-27CB97ABEDF5}
	EndGlobalSection
EndGlobal
